
Microsoft Visual Studio Solution File, Format Version 12.00
# Visual Studio Version 17
VisualStudioVersion = 17.8.34316.72
MinimumVisualStudioVersion = 10.0.40219.1
Project("{FAE04EC0-301F-11D3-BF4B-00C04F79EFBC}") = "Presentacion", "TpFinal\Presentacion.csproj", "{CA3D858A-2C08-4E83-9548-4F57D2722515}"
EndProject
Project("{FAE04EC0-301F-11D3-BF4B-00C04F79EFBC}") = "Dominio", "Dominio\Dominio.csproj", "{10B1C038-DA6C-4337-B9FD-F0CFDDBAE623}"
EndProject
Project("{FAE04EC0-301F-11D3-BF4B-00C04F79EFBC}") = "Negocio", "Negocio\Negocio.csproj", "{A6D0DD69-211B-42F5-9FB0-DA5D021D609D}"
EndProject
Project("{FAE04EC0-301F-11D3-BF4B-00C04F79EFBC}") = "AccesoDataBase", "AccesoDataBase\AccesoDataBase.csproj", "{4ADC6D59-9FF7-47EA-A1ED-FDB87006FF00}"
EndProject
Global
	GlobalSection(SolutionConfigurationPlatforms) = preSolution
		Debug|Any CPU = Debug|Any CPU
		Release|Any CPU = Release|Any CPU
	EndGlobalSection
	GlobalSection(ProjectConfigurationPlatforms) = postSolution
		{CA3D858A-2C08-4E83-9548-4F57D2722515}.Debug|Any CPU.ActiveCfg = Debug|Any CPU
		{CA3D858A-2C08-4E83-9548-4F57D2722515}.Debug|Any CPU.Build.0 = Debug|Any CPU
		{CA3D858A-2C08-4E83-9548-4F57D2722515}.Release|Any CPU.ActiveCfg = Release|Any CPU
		{CA3D858A-2C08-4E83-9548-4F57D2722515}.Release|Any CPU.Build.0 = Release|Any CPU
		{10B1C038-DA6C-4337-B9FD-F0CFDDBAE623}.Debug|Any CPU.ActiveCfg = Debug|Any CPU
		{10B1C038-DA6C-4337-B9FD-F0CFDDBAE623}.Debug|Any CPU.Build.0 = Debug|Any CPU
		{10B1C038-DA6C-4337-B9FD-F0CFDDBAE623}.Release|Any CPU.ActiveCfg = Release|Any CPU
		{10B1C038-DA6C-4337-B9FD-F0CFDDBAE623}.Release|Any CPU.Build.0 = Release|Any CPU
		{A6D0DD69-211B-42F5-9FB0-DA5D021D609D}.Debug|Any CPU.ActiveCfg = Debug|Any CPU
		{A6D0DD69-211B-42F5-9FB0-DA5D021D609D}.Debug|Any CPU.Build.0 = Debug|Any CPU
		{A6D0DD69-211B-42F5-9FB0-DA5D021D609D}.Release|Any CPU.ActiveCfg = Release|Any CPU
		{A6D0DD69-211B-42F5-9FB0-DA5D021D609D}.Release|Any CPU.Build.0 = Release|Any CPU
		{4ADC6D59-9FF7-47EA-A1ED-FDB87006FF00}.Debug|Any CPU.ActiveCfg = Debug|Any CPU
		{4ADC6D59-9FF7-47EA-A1ED-FDB87006FF00}.Debug|Any CPU.Build.0 = Debug|Any CPU
		{4ADC6D59-9FF7-47EA-A1ED-FDB87006FF00}.Release|Any CPU.ActiveCfg = Release|Any CPU
		{4ADC6D59-9FF7-47EA-A1ED-FDB87006FF00}.Release|Any CPU.Build.0 = Release|Any CPU
	EndGlobalSection
	GlobalSection(SolutionProperties) = preSolution
		HideSolutionNode = FALSE
	EndGlobalSection
	GlobalSection(ExtensibilityGlobals) = postSolution
		SolutionGuid = {177AFC79-8640-44E4-A6C5-1F028901B3D6}
	EndGlobalSection
EndGlobal
